dependencies:
- name: gloo
  repository: https://storage.googleapis.com/solo-public-helm/
  version: 0.18.40
- name: mongodb
  repository: https://kubernetes-charts.storage.googleapis.com/
  version: 6.1.2
digest: sha256:57de7ab5a72a1a01151609482a9ebba2c5233c8fc22adc33f939455b3531344e
generated: "2019-09-13T10:12:29.271297-07:00"
