dependencies:
- name: gloo
  repository: https://storage.googleapis.com/solo-public-helm/
  version: 1.3.2
- name: mongodb
  repository: https://kubernetes-charts.storage.googleapis.com/
  version: 6.1.2
digest: sha256:c001a03f8837e4adfc8efe22a6b1868a94ef332f33cdc0522c9a8f74eae021e5
generated: "2020-01-21T17:34:57.540376-08:00"
